
Microsoft Visual Studio Solution File, Format Version 12.00
# Visual Studio 2013
VisualStudioVersion = 12.0.21005.1
MinimumVisualStudioVersion = 10.0.40219.1
Project("{FAE04EC0-301F-11D3-BF4B-00C04F79EFBC}") = "IExpenses", "IExpenses\IExpenses.csproj", "{F47C0EB1-D1BB-4F35-BDF8-2A55E71D63CA}"
EndProject
Project("{FAE04EC0-301F-11D3-BF4B-00C04F79EFBC}") = "IExpenses.Tests", "IExpenses.Tests\IExpenses.Tests.csproj", "{DD33A579-472D-4ED2-B1DB-E733D75AF135}"
EndProject
Project("{FAE04EC0-301F-11D3-BF4B-00C04F79EFBC}") = "LittleDB", "..\LITTLEDB\LITTLEDB\LittleDB.csproj", "{CE7BA226-FC9B-49CF-92A0-04D0ACC6751D}"
EndProject
Project("{2150E333-8FDC-42A3-9474-1A3956D46DE8}") = "References", "References", "{9D4B5816-DA9B-4749-84CE-E9B1952F5A6B}"
EndProject
Project("{FAE04EC0-301F-11D3-BF4B-00C04F79EFBC}") = "IExpenses.Form", "WindowsFormsApplication1\IExpenses.Form.csproj", "{D964CDA2-E9F9-4AC6-8979-8C66DB47E393}"
EndProject
Global
	GlobalSection(SolutionConfigurationPlatforms) = preSolution
		Debug|Any CPU = Debug|Any CPU
		Release|Any CPU = Release|Any CPU
	EndGlobalSection
	GlobalSection(ProjectConfigurationPlatforms) = postSolution
		{F47C0EB1-D1BB-4F35-BDF8-2A55E71D63CA}.Debug|Any CPU.ActiveCfg = Debug|Any CPU
		{F47C0EB1-D1BB-4F35-BDF8-2A55E71D63CA}.Debug|Any CPU.Build.0 = Debug|Any CPU
		{F47C0EB1-D1BB-4F35-BDF8-2A55E71D63CA}.Release|Any CPU.ActiveCfg = Release|Any CPU
		{F47C0EB1-D1BB-4F35-BDF8-2A55E71D63CA}.Release|Any CPU.Build.0 = Release|Any CPU
		{DD33A579-472D-4ED2-B1DB-E733D75AF135}.Debug|Any CPU.ActiveCfg = Debug|Any CPU
		{DD33A579-472D-4ED2-B1DB-E733D75AF135}.Debug|Any CPU.Build.0 = Debug|Any CPU
		{DD33A579-472D-4ED2-B1DB-E733D75AF135}.Release|Any CPU.ActiveCfg = Release|Any CPU
		{DD33A579-472D-4ED2-B1DB-E733D75AF135}.Release|Any CPU.Build.0 = Release|Any CPU
		{CE7BA226-FC9B-49CF-92A0-04D0ACC6751D}.Debug|Any CPU.ActiveCfg = Debug|Any CPU
		{CE7BA226-FC9B-49CF-92A0-04D0ACC6751D}.Debug|Any CPU.Build.0 = Debug|Any CPU
		{CE7BA226-FC9B-49CF-92A0-04D0ACC6751D}.Release|Any CPU.ActiveCfg = Release|Any CPU
		{CE7BA226-FC9B-49CF-92A0-04D0ACC6751D}.Release|Any CPU.Build.0 = Release|Any CPU
		{D964CDA2-E9F9-4AC6-8979-8C66DB47E393}.Debug|Any CPU.ActiveCfg = Debug|Any CPU
		{D964CDA2-E9F9-4AC6-8979-8C66DB47E393}.Debug|Any CPU.Build.0 = Debug|Any CPU
		{D964CDA2-E9F9-4AC6-8979-8C66DB47E393}.Release|Any CPU.ActiveCfg = Release|Any CPU
		{D964CDA2-E9F9-4AC6-8979-8C66DB47E393}.Release|Any CPU.Build.0 = Release|Any CPU
	EndGlobalSection
	GlobalSection(SolutionProperties) = preSolution
		HideSolutionNode = FALSE
	EndGlobalSection
	GlobalSection(NestedProjects) = preSolution
		{CE7BA226-FC9B-49CF-92A0-04D0ACC6751D} = {9D4B5816-DA9B-4749-84CE-E9B1952F5A6B}
	EndGlobalSection
EndGlobal
